{
  "name": "npm",
  "lockfileVersion": 3,
  "requires": true,
  "packages": {
    "": {
      "dependencies": {
        "opencode-ai": "^1.14.50"
      }
    },
    "node_modules/opencode-ai": {
      "version": "1.14.50",
      "resolved": "https://registry.npmmirror.com/opencode-ai/-/opencode-ai-1.14.50.tgz",
      "integrity": "sha512-svdBifZeS9LY+VjGMJ/4sX0QGfUmoS/WksTw65bxSv6wc7hbMnbXK9OCX0LqakPzHdXxw80SPoSYo4us2pY9Tg==",
      "hasInstallScript": true,
      "license": "MIT",
      "bin": {
        "opencode": "bin/opencode"
      },
      "optionalDependencies": {
        "opencode-darwin-arm64": "1.14.50",
        "opencode-darwin-x64": "1.14.50",
        "opencode-darwin-x64-baseline": "1.14.50",
        "opencode-linux-arm64": "1.14.50",
        "opencode-linux-arm64-musl": "1.14.50",
        "opencode-linux-x64": "1.14.50",
        "opencode-linux-x64-baseline": "1.14.50",
        "opencode-linux-x64-baseline-musl": "1.14.50",
        "opencode-linux-x64-musl": "1.14.50",
        "opencode-windows-arm64": "1.14.50",
        "opencode-windows-x64": "1.14.50",
        "opencode-windows-x64-baseline": "1.14.50"
      }
    },
    "node_modules/opencode-darwin-arm64": {
      "version": "1.14.50",
      "resolved": "https://registry.npmmirror.com/opencode-darwin-arm64/-/opencode-darwin-arm64-1.14.50.tgz",
      "integrity": "sha512-JCu+lZjhaAz8TDRxxajenPtgGD55fwTavzgq/PoeyfFiNPo7L0ctdXu2Yjpr2LaEvOqcUrPP5/iXJhDfzut0dQ==",
      "cpu": [
        "arm64"
      ],
      "optional": true,
      "os": [
        "darwin"
      ]
    },
    "node_modules/opencode-darwin-x64": {
      "version": "1.14.50",
      "resolved": "https://registry.npmmirror.com/opencode-darwin-x64/-/opencode-darwin-x64-1.14.50.tgz",
      "integrity": "sha512-YOzCdyK+VCgXGuAefRd9A6MDHth30A4Fyh5m9/An+aEQ5gtOSE3sk1qrpX6O2p1eJcnimy9U8HsnAfXIgYbhEA==",
      "cpu": [
        "x64"
      ],
      "optional": true,
      "os": [
        "darwin"
      ]
    },
    "node_modules/opencode-darwin-x64-baseline": {
      "version": "1.14.50",
      "resolved": "https://registry.npmmirror.com/opencode-darwin-x64-baseline/-/opencode-darwin-x64-baseline-1.14.50.tgz",
      "integrity": "sha512-iwQbmWwkH8PHjsQ9iwgCtgNisjuKZhAB1g8P2MYhWa5y6DBAc4vL2RRpndVL70suVpeEqO01fZWBqtACPqMqlg==",
      "cpu": [
        "x64"
      ],
      "optional": true,
      "os": [
        "darwin"
      ]
    },
    "node_modules/opencode-linux-arm64": {
      "version": "1.14.50",
      "resolved": "https://registry.npmmirror.com/opencode-linux-arm64/-/opencode-linux-arm64-1.14.50.tgz",
      "integrity": "sha512-oF1+X6btlmQpcWMaeLmM99LnRGXOv/w1/NvdwvVlvH0UnT46BizWmVUV88/TvewoUdnZeuB+QMV/S+M0pjR9tQ==",
      "cpu": [
        "arm64"
      ],
      "optional": true,
      "os": [
        "linux"
      ]
    },
    "node_modules/opencode-linux-arm64-musl": {
      "version": "1.14.50",
      "resolved": "https://registry.npmmirror.com/opencode-linux-arm64-musl/-/opencode-linux-arm64-musl-1.14.50.tgz",
      "integrity": "sha512-ggjM3Rgsf+Gq73LrrlNdwhUhcLXIyFl+iJZjo0dcfhGpkfQ5HbDPzDQw2AMVBm1VEZkyKSDYpgfsaHKp7vFo1w==",
      "cpu": [
        "arm64"
      ],
      "optional": true,
      "os": [
        "linux"
      ]
    },
    "node_modules/opencode-linux-x64": {
      "version": "1.14.50",
      "resolved": "https://registry.npmmirror.com/opencode-linux-x64/-/opencode-linux-x64-1.14.50.tgz",
      "integrity": "sha512-S7fqQ0uXXGPJkzhr1MQEgdRYVQZehGWWIdlnX3aMfp23hLar79ChUbsibkPUo1eVo34uLrZ82ev/WazhseLGTg==",
      "cpu": [
        "x64"
      ],
      "optional": true,
      "os": [
        "linux"
      ]
    },
    "node_modules/opencode-linux-x64-baseline": {
      "version": "1.14.50",
      "resolved": "https://registry.npmmirror.com/opencode-linux-x64-baseline/-/opencode-linux-x64-baseline-1.14.50.tgz",
      "integrity": "sha512-PRM4BcRrb08SU29lNLe87Sy5ndT92AmT7dtL2ADgd5lmMBCQXUuJPg2jggyIeWC/DKSTuPpZZKebU8rrzPDWSw==",
      "cpu": [
        "x64"
      ],
      "optional": true,
      "os": [
        "linux"
      ]
    },
    "node_modules/opencode-linux-x64-baseline-musl": {
      "version": "1.14.50",
      "resolved": "https://registry.npmmirror.com/opencode-linux-x64-baseline-musl/-/opencode-linux-x64-baseline-musl-1.14.50.tgz",
      "integrity": "sha512-M4vjToh3G4++bGw6OpgwKj+fOguZ15DUZ0sur9aiftlS5CUrZIQyUzU07LADZCa7zWLkLs4qqxYl6r9U8D0CNw==",
      "cpu": [
        "x64"
      ],
      "optional": true,
      "os": [
        "linux"
      ]
    },
    "node_modules/opencode-linux-x64-musl": {
      "version": "1.14.50",
      "resolved": "https://registry.npmmirror.com/opencode-linux-x64-musl/-/opencode-linux-x64-musl-1.14.50.tgz",
      "integrity": "sha512-duBwcnuDVCk9B+tK4YI5YOP5iSi+9O2xwBIeRmk5pgZNQMFT74TJ68POmG0lQDpCmHWPa35YyJPB4Ttg3eF1Kw==",
      "cpu": [
        "x64"
      ],
      "optional": true,
      "os": [
        "linux"
      ]
    },
    "node_modules/opencode-windows-arm64": {
      "version": "1.14.50",
      "resolved": "https://registry.npmmirror.com/opencode-windows-arm64/-/opencode-windows-arm64-1.14.50.tgz",
      "integrity": "sha512-NpwWWfKIJRrWXflk7pgE5RqK7k33Ilup+fDbaSmVJHrgDli9hlVW5Tlw45eHX1TALj6ClDjt9kY2vFqFzXokpg==",
      "cpu": [
        "arm64"
      ],
      "optional": true,
      "os": [
        "win32"
      ]
    },
    "node_modules/opencode-windows-x64": {
      "version": "1.14.50",
      "resolved": "https://registry.npmmirror.com/opencode-windows-x64/-/opencode-windows-x64-1.14.50.tgz",
      "integrity": "sha512-EgV/t5vLP6rzonMnAhNeCgXqOEHQPZY19w4LhKhNxVdHM8YFD1WOVOzMVDIm6Jw3HzwxI60dPnt4zfGIdqOY7w==",
      "cpu": [
        "x64"
      ],
      "optional": true,
      "os": [
        "win32"
      ]
    },
    "node_modules/opencode-windows-x64-baseline": {
      "version": "1.14.50",
      "resolved": "https://registry.npmmirror.com/opencode-windows-x64-baseline/-/opencode-windows-x64-baseline-1.14.50.tgz",
      "integrity": "sha512-ouXzv+oKyFZzPAy4lQQROuQPE8VtGFpp6NZZfNY1oVUUe/T+sOreti96RM9R+IalSoxrifJbxuKrAajHoDU4jQ==",
      "cpu": [
        "x64"
      ],
      "optional": true,
      "os": [
        "win32"
      ]
    }
  }
}
